// !$*UTF8*$!
{
	archiveVersion = 1;
	classes = {
	};
	objectVersion = 50;
	objects = {

/* Begin PBXBuildFile section */
		BF6AA13726648E40001CD2CF /* WidgetKit.framework in Frameworks */ = {isa = PBXBuildFile; fileRef = BF6AA13626648E40001CD2CF /* WidgetKit.framework */; };
		BF6AA13926648E40001CD2CF /* SwiftUI.framework in Frameworks */ = {isa = PBXBuildFile; fileRef = BF6AA13826648E40001CD2CF /* SwiftUI.framework */; };
		BF6AA13C26648E40001CD2CF /* My_Widget.swift in Sources */ = {isa = PBXBuildFile; fileRef = BF6AA13B26648E40001CD2CF /* My_Widget.swift */; };
		BF6AA13F26648E44001CD2CF /* Assets.xcassets in Resources */ = {isa = PBXBuildFile; fileRef = BF6AA13E26648E44001CD2CF /* Assets.xcassets */; };
		BF6AA14126648E44001CD2CF /* My_Widget.intentdefinition in Sources */ = {isa = PBXBuildFile; fileRef = BF6AA13D26648E40001CD2CF /* My_Widget.intentdefinition */; };
		BF6AA14226648E44001CD2CF /* My_Widget.intentdefinition in Sources */ = {isa = PBXBuildFile; fileRef = BF6AA13D26648E40001CD2CF /* My_Widget.intentdefinition */; };
		BF6AA14526648E44001CD2CF /* My WidgetExtension.appex in Embed App Extensions */ = {isa = PBXBuildFile; fileRef = BF6AA13426648E40001CD2CF /* My WidgetExtension.appex */; settings = {ATTRIBUTES = (RemoveHeadersOnCopy, ); }; };
		BF6AA14E266491E9001CD2CF /* WidgetVC.swift in Sources */ = {isa = PBXBuildFile; fileRef = BF6AA14D266491E9001CD2CF /* WidgetVC.swift */; };
		BF6B04852653FFE2002A9B4A /* ChoiceVC.swift in Sources */ = {isa = PBXBuildFile; fileRef = BF6B04842653FFE2002A9B4A /* ChoiceVC.swift */; };
		BF6B04872654064E002A9B4A /* SlotMachineVC.swift in Sources */ = {isa = PBXBuildFile; fileRef = BF6B04862654064E002A9B4A /* SlotMachineVC.swift */; };
		BF6B04892654C010002A9B4A /* BookKeepingVC.swift in Sources */ = {isa = PBXBuildFile; fileRef = BF6B04882654C010002A9B4A /* BookKeepingVC.swift */; };
		BF7CF6152644004F00F6C9D2 /* AppDelegate.swift in Sources */ = {isa = PBXBuildFile; fileRef = BF7CF6142644004F00F6C9D2 /* AppDelegate.swift */; };
		BF7CF6172644004F00F6C9D2 /* SceneDelegate.swift in Sources */ = {isa = PBXBuildFile; fileRef = BF7CF6162644004F00F6C9D2 /* SceneDelegate.swift */; };
		BF7CF6192644004F00F6C9D2 /* ViewController.swift in Sources */ = {isa = PBXBuildFile; fileRef = BF7CF6182644004F00F6C9D2 /* ViewController.swift */; };
		BF7CF61E2644005200F6C9D2 /* Assets.xcassets in Resources */ = {isa = PBXBuildFile; fileRef = BF7CF61D2644005200F6C9D2 /* Assets.xcassets */; };
		BF7CF6212644005200F6C9D2 /* LaunchScreen.storyboard in Resources */ = {isa = PBXBuildFile; fileRef = BF7CF61F2644005200F6C9D2 /* LaunchScreen.storyboard */; };
		BF7CF6292644013800F6C9D2 /* LogoVC.swift in Sources */ = {isa = PBXBuildFile; fileRef = BF7CF6282644013800F6C9D2 /* LogoVC.swift */; };
		BF7CF62B2644016400F6C9D2 /* LogoSettingsVC.swift in Sources */ = {isa = PBXBuildFile; fileRef = BF7CF62A2644016400F6C9D2 /* LogoSettingsVC.swift */; };
		BF7CF62D2644018500F6C9D2 /* HomeTabBarVC.swift in Sources */ = {isa = PBXBuildFile; fileRef = BF7CF62C2644018500F6C9D2 /* HomeTabBarVC.swift */; };
		BF7CF63126442E4E00F6C9D2 /* LogoTitleLabel.swift in Sources */ = {isa = PBXBuildFile; fileRef = BF7CF63026442E4E00F6C9D2 /* LogoTitleLabel.swift */; };
		BF7CF633264436B500F6C9D2 /* LogoBodyLabel.swift in Sources */ = {isa = PBXBuildFile; fileRef = BF7CF632264436B500F6C9D2 /* LogoBodyLabel.swift */; };
		BF7CF6362644388500F6C9D2 /* LogoTextField.swift in Sources */ = {isa = PBXBuildFile; fileRef = BF7CF6352644388500F6C9D2 /* LogoTextField.swift */; };
		BF7CF63926443BA200F6C9D2 /* ColorButton.swift in Sources */ = {isa = PBXBuildFile; fileRef = BF7CF63826443BA200F6C9D2 /* ColorButton.swift */; };
		BF7CF63B2644DA1B00F6C9D2 /* ColorStackVC.swift in Sources */ = {isa = PBXBuildFile; fileRef = BF7CF63A2644DA1B00F6C9D2 /* ColorStackVC.swift */; };
		BF7CF6412644E7B000F6C9D2 /* Profile.swift in Sources */ = {isa = PBXBuildFile; fileRef = BF7CF6402644E7B000F6C9D2 /* Profile.swift */; };
		BF7CF6462645090500F6C9D2 /* ImageStackVC.swift in Sources */ = {isa = PBXBuildFile; fileRef = BF7CF6452645090500F6C9D2 /* ImageStackVC.swift */; };
		BF7CF6492645094800F6C9D2 /* LogoImage.swift in Sources */ = {isa = PBXBuildFile; fileRef = BF7CF6482645094800F6C9D2 /* LogoImage.swift */; };
		BF7CF64B2645124A00F6C9D2 /* ImageButton.swift in Sources */ = {isa = PBXBuildFile; fileRef = BF7CF64A2645124A00F6C9D2 /* ImageButton.swift */; };
		BF7CF64D26451F6600F6C9D2 /* PickerVC.swift in Sources */ = {isa = PBXBuildFile; fileRef = BF7CF64C26451F6600F6C9D2 /* PickerVC.swift */; };
		BF7CF64F26457D5900F6C9D2 /* NormalButton.swift in Sources */ = {isa = PBXBuildFile; fileRef = BF7CF64E26457D5900F6C9D2 /* NormalButton.swift */; };
		BF7CF65126457F9A00F6C9D2 /* WKWebViewVC.swift in Sources */ = {isa = PBXBuildFile; fileRef = BF7CF65026457F9A00F6C9D2 /* WKWebViewVC.swift */; };
		BF7CF6632648F99B00F6C9D2 /* SnapChatCameraVC.swift in Sources */ = {isa = PBXBuildFile; fileRef = BF7CF6622648F99B00F6C9D2 /* SnapChatCameraVC.swift */; };
		BF7CF665264905C000F6C9D2 /* CircleButton.swift in Sources */ = {isa = PBXBuildFile; fileRef = BF7CF664264905C000F6C9D2 /* CircleButton.swift */; };
/* End PBXBuildFile section */

/* Begin PBXContainerItemProxy section */
		BF6AA14326648E44001CD2CF /* PBXContainerItemProxy */ = {
			isa = PBXContainerItemProxy;
			containerPortal = BF7CF6092644004F00F6C9D2 /* Project object */;
			proxyType = 1;
			remoteGlobalIDString = BF6AA13326648E40001CD2CF;
			remoteInfo = "My WidgetExtension";
		};
/* End PBXContainerItemProxy section */

/* Begin PBXCopyFilesBuildPhase section */
		BF6AA14626648E44001CD2CF /* Embed App Extensions */ = {
			isa = PBXCopyFilesBuildPhase;
			buildActionMask = 2147483647;
			dstPath = "";
			dstSubfolderSpec = 13;
			files = (
				BF6AA14526648E44001CD2CF /* My WidgetExtension.appex in Embed App Extensions */,
			);
			name = "Embed App Extensions";
			runOnlyForDeploymentPostprocessing = 0;
		};
/* End PBXCopyFilesBuildPhase section */

/* Begin PBXFileReference section */
		BF6AA13426648E40001CD2CF /* My WidgetExtension.appex */ = {isa = PBXFileReference; explicitFileType = "wrapper.app-extension"; includeInIndex = 0; path = "My WidgetExtension.appex"; sourceTree = BUILT_PRODUCTS_DIR; };
		BF6AA13626648E40001CD2CF /* WidgetKit.framework */ = {isa = PBXFileReference; lastKnownFileType = wrapper.framework; name = WidgetKit.framework; path = System/Library/Frameworks/WidgetKit.framework; sourceTree = SDKROOT; };
		BF6AA13826648E40001CD2CF /* SwiftUI.framework */ = {isa = PBXFileReference; lastKnownFileType = wrapper.framework; name = SwiftUI.framework; path = System/Library/Frameworks/SwiftUI.framework; sourceTree = SDKROOT; };
		BF6AA13B26648E40001CD2CF /* My_Widget.swift */ = {isa = PBXFileReference; lastKnownFileType = sourcecode.swift; path = My_Widget.swift; sourceTree = "<group>"; };
		BF6AA13D26648E40001CD2CF /* My_Widget.intentdefinition */ = {isa = PBXFileReference; lastKnownFileType = file.intentdefinition; path = My_Widget.intentdefinition; sourceTree = "<group>"; };
		BF6AA13E26648E44001CD2CF /* Assets.xcassets */ = {isa = PBXFileReference; lastKnownFileType = folder.assetcatalog; path = Assets.xcassets; sourceTree = "<group>"; };
		BF6AA14026648E44001CD2CF /* Info.plist */ = {isa = PBXFileReference; lastKnownFileType = text.plist.xml; path = Info.plist; sourceTree = "<group>"; };
		BF6AA14D266491E9001CD2CF /* WidgetVC.swift */ = {isa = PBXFileReference; lastKnownFileType = sourcecode.swift; path = WidgetVC.swift; sourceTree = "<group>"; };
		BF6AA14F2664A85E001CD2CF /* LogoDemo.entitlements */ = {isa = PBXFileReference; lastKnownFileType = text.plist.entitlements; path = LogoDemo.entitlements; sourceTree = "<group>"; };
		BF6AA1502664A866001CD2CF /* My WidgetExtension.entitlements */ = {isa = PBXFileReference; lastKnownFileType = text.plist.entitlements; path = "My WidgetExtension.entitlements"; sourceTree = "<group>"; };
		BF6B04842653FFE2002A9B4A /* ChoiceVC.swift */ = {isa = PBXFileReference; lastKnownFileType = sourcecode.swift; path = ChoiceVC.swift; sourceTree = "<group>"; };
		BF6B04862654064E002A9B4A /* SlotMachineVC.swift */ = {isa = PBXFileReference; lastKnownFileType = sourcecode.swift; path = SlotMachineVC.swift; sourceTree = "<group>"; };
		BF6B04882654C010002A9B4A /* BookKeepingVC.swift */ = {isa = PBXFileReference; lastKnownFileType = sourcecode.swift; path = BookKeepingVC.swift; sourceTree = "<group>"; };
		BF7CF6112644004F00F6C9D2 /* LogoDemo.app */ = {isa = PBXFileReference; explicitFileType = wrapper.application; includeInIndex = 0; path = LogoDemo.app; sourceTree = BUILT_PRODUCTS_DIR; };
		BF7CF6142644004F00F6C9D2 /* AppDelegate.swift */ = {isa = PBXFileReference; lastKnownFileType = sourcecode.swift; path = AppDelegate.swift; sourceTree = "<group>"; };
		BF7CF6162644004F00F6C9D2 /* SceneDelegate.swift */ = {isa = PBXFileReference; lastKnownFileType = sourcecode.swift; path = SceneDelegate.swift; sourceTree = "<group>"; };
		BF7CF6182644004F00F6C9D2 /* ViewController.swift */ = {isa = PBXFileReference; lastKnownFileType = sourcecode.swift; path = ViewController.swift; sourceTree = "<group>"; };
		BF7CF61D2644005200F6C9D2 /* Assets.xcassets */ = {isa = PBXFileReference; lastKnownFileType = folder.assetcatalog; path = Assets.xcassets; sourceTree = "<group>"; };
		BF7CF6202644005200F6C9D2 /* Base */ = {isa = PBXFileReference; lastKnownFileType = file.storyboard; name = Base; path = Base.lproj/LaunchScreen.storyboard; sourceTree = "<group>"; };
		BF7CF6222644005200F6C9D2 /* Info.plist */ = {isa = PBXFileReference; lastKnownFileType = text.plist.xml; path = Info.plist; sourceTree = "<group>"; };
		BF7CF6282644013800F6C9D2 /* LogoVC.swift */ = {isa = PBXFileReference; lastKnownFileType = sourcecode.swift; path = LogoVC.swift; sourceTree = "<group>"; };
		BF7CF62A2644016400F6C9D2 /* LogoSettingsVC.swift */ = {isa = PBXFileReference; lastKnownFileType = sourcecode.swift; path = LogoSettingsVC.swift; sourceTree = "<group>"; };
		BF7CF62C2644018500F6C9D2 /* HomeTabBarVC.swift */ = {isa = PBXFileReference; lastKnownFileType = sourcecode.swift; path = HomeTabBarVC.swift; sourceTree = "<group>"; };
		BF7CF63026442E4E00F6C9D2 /* LogoTitleLabel.swift */ = {isa = PBXFileReference; lastKnownFileType = sourcecode.swift; path = LogoTitleLabel.swift; sourceTree = "<group>"; };
		BF7CF632264436B500F6C9D2 /* LogoBodyLabel.swift */ = {isa = PBXFileReference; lastKnownFileType = sourcecode.swift; path = LogoBodyLabel.swift; sourceTree = "<group>"; };
		BF7CF6352644388500F6C9D2 /* LogoTextField.swift */ = {isa = PBXFileReference; lastKnownFileType = sourcecode.swift; path = LogoTextField.swift; sourceTree = "<group>"; };
		BF7CF63826443BA200F6C9D2 /* ColorButton.swift */ = {isa = PBXFileReference; lastKnownFileType = sourcecode.swift; path = ColorButton.swift; sourceTree = "<group>"; };
		BF7CF63A2644DA1B00F6C9D2 /* ColorStackVC.swift */ = {isa = PBXFileReference; lastKnownFileType = sourcecode.swift; path = ColorStackVC.swift; sourceTree = "<group>"; };
		BF7CF6402644E7B000F6C9D2 /* Profile.swift */ = {isa = PBXFileReference; fileEncoding = 4; lastKnownFileType = sourcecode.swift; path = Profile.swift; sourceTree = "<group>"; };
		BF7CF6452645090500F6C9D2 /* ImageStackVC.swift */ = {isa = PBXFileReference; lastKnownFileType = sourcecode.swift; path = ImageStackVC.swift; sourceTree = "<group>"; };
		BF7CF6482645094800F6C9D2 /* LogoImage.swift */ = {isa = PBXFileReference; lastKnownFileType = sourcecode.swift; path = LogoImage.swift; sourceTree = "<group>"; };
		BF7CF64A2645124A00F6C9D2 /* ImageButton.swift */ = {isa = PBXFileReference; lastKnownFileType = sourcecode.swift; path = ImageButton.swift; sourceTree = "<group>"; };
		BF7CF64C26451F6600F6C9D2 /* PickerVC.swift */ = {isa = PBXFileReference; lastKnownFileType = sourcecode.swift; path = PickerVC.swift; sourceTree = "<group>"; };
		BF7CF64E26457D5900F6C9D2 /* NormalButton.swift */ = {isa = PBXFileReference; lastKnownFileType = sourcecode.swift; path = NormalButton.swift; sourceTree = "<group>"; };
		BF7CF65026457F9A00F6C9D2 /* WKWebViewVC.swift */ = {isa = PBXFileReference; lastKnownFileType = sourcecode.swift; path = WKWebViewVC.swift; sourceTree = "<group>"; };
		BF7CF6622648F99B00F6C9D2 /* SnapChatCameraVC.swift */ = {isa = PBXFileReference; lastKnownFileType = sourcecode.swift; path = SnapChatCameraVC.swift; sourceTree = "<group>"; };
		BF7CF664264905C000F6C9D2 /* CircleButton.swift */ = {isa = PBXFileReference; lastKnownFileType = sourcecode.swift; path = CircleButton.swift; sourceTree = "<group>"; };
/* End PBXFileReference section */

/* Begin PBXFrameworksBuildPhase section */
		BF6AA13126648E40001CD2CF /* Frameworks */ = {
			isa = PBXFrameworksBuildPhase;
			buildActionMask = 2147483647;
			files = (
				BF6AA13926648E40001CD2CF /* SwiftUI.framework in Frameworks */,
				BF6AA13726648E40001CD2CF /* WidgetKit.framework in Frameworks */,
			);
			runOnlyForDeploymentPostprocessing = 0;
		};
		BF7CF60E2644004F00F6C9D2 /* Frameworks */ = {
			isa = PBXFrameworksBuildPhase;
			buildActionMask = 2147483647;
			files = (
			);
			runOnlyForDeploymentPostprocessing = 0;
		};
/* End PBXFrameworksBuildPhase section */

/* Begin PBXGroup section */
		BF6AA13526648E40001CD2CF /* Frameworks */ = {
			isa = PBXGroup;
			children = (
				BF6AA13626648E40001CD2CF /* WidgetKit.framework */,
				BF6AA13826648E40001CD2CF /* SwiftUI.framework */,
			);
			name = Frameworks;
			sourceTree = "<group>";
		};
		BF6AA13A26648E40001CD2CF /* My Widget */ = {
			isa = PBXGroup;
			children = (
				BF6AA13B26648E40001CD2CF /* My_Widget.swift */,
				BF6AA13D26648E40001CD2CF /* My_Widget.intentdefinition */,
				BF6AA13E26648E44001CD2CF /* Assets.xcassets */,
				BF6AA14026648E44001CD2CF /* Info.plist */,
			);
			path = "My Widget";
			sourceTree = "<group>";
		};
		BF6AA14A266491B5001CD2CF /* Widget */ = {
			isa = PBXGroup;
			children = (
				BF6AA14D266491E9001CD2CF /* WidgetVC.swift */,
			);
			path = Widget;
			sourceTree = "<group>";
		};
		BF6B04832653FF78002A9B4A /* uiPicker */ = {
			isa = PBXGroup;
			children = (
				BF7CF64C26451F6600F6C9D2 /* PickerVC.swift */,
				BF6B04842653FFE2002A9B4A /* ChoiceVC.swift */,
				BF6B04862654064E002A9B4A /* SlotMachineVC.swift */,
				BF6B04882654C010002A9B4A /* BookKeepingVC.swift */,
			);
			path = uiPicker;
			sourceTree = "<group>";
		};
		BF7CF6082644004F00F6C9D2 = {
			isa = PBXGroup;
			children = (
				BF6AA1502664A866001CD2CF /* My WidgetExtension.entitlements */,
				BF7CF6132644004F00F6C9D2 /* LogoDemo */,
				BF6AA13A26648E40001CD2CF /* My Widget */,
				BF6AA13526648E40001CD2CF /* Frameworks */,
				BF7CF6122644004F00F6C9D2 /* Products */,
			);
			sourceTree = "<group>";
		};
		BF7CF6122644004F00F6C9D2 /* Products */ = {
			isa = PBXGroup;
			children = (
				BF7CF6112644004F00F6C9D2 /* LogoDemo.app */,
				BF6AA13426648E40001CD2CF /* My WidgetExtension.appex */,
			);
			name = Products;
			sourceTree = "<group>";
		};
		BF7CF6132644004F00F6C9D2 /* LogoDemo */ = {
			isa = PBXGroup;
			children = (
				BF6AA14F2664A85E001CD2CF /* LogoDemo.entitlements */,
				BF7CF6142644004F00F6C9D2 /* AppDelegate.swift */,
				BF7CF6162644004F00F6C9D2 /* SceneDelegate.swift */,
				BF7CF6182644004F00F6C9D2 /* ViewController.swift */,
				BF6B04832653FF78002A9B4A /* uiPicker */,
				BF7CF643264508A500F6C9D2 /* Model */,
				BF7CF644264508B200F6C9D2 /* Home Tab */,
				BF7CF62E26442E2600F6C9D2 /* Components */,
				BF6AA14A266491B5001CD2CF /* Widget */,
				BF7CF61D2644005200F6C9D2 /* Assets.xcassets */,
				BF7CF61F2644005200F6C9D2 /* LaunchScreen.storyboard */,
				BF7CF6222644005200F6C9D2 /* Info.plist */,
			);
			path = LogoDemo;
			sourceTree = "<group>";
		};
		BF7CF62E26442E2600F6C9D2 /* Components */ = {
			isa = PBXGroup;
			children = (
				BF7CF6472645093400F6C9D2 /* Views */,
				BF7CF6422645089800F6C9D2 /* TabBarVC */,
				BF7CF63726443B8D00F6C9D2 /* Button */,
				BF7CF6342644386800F6C9D2 /* TextField */,
				BF7CF62F26442E3500F6C9D2 /* Label */,
			);
			path = Components;
			sourceTree = "<group>";
		};
		BF7CF62F26442E3500F6C9D2 /* Label */ = {
			isa = PBXGroup;
			children = (
				BF7CF63026442E4E00F6C9D2 /* LogoTitleLabel.swift */,
				BF7CF632264436B500F6C9D2 /* LogoBodyLabel.swift */,
			);
			path = Label;
			sourceTree = "<group>";
		};
		BF7CF6342644386800F6C9D2 /* TextField */ = {
			isa = PBXGroup;
			children = (
				BF7CF6352644388500F6C9D2 /* LogoTextField.swift */,
			);
			path = TextField;
			sourceTree = "<group>";
		};
		BF7CF63726443B8D00F6C9D2 /* Button */ = {
			isa = PBXGroup;
			children = (
				BF7CF63826443BA200F6C9D2 /* ColorButton.swift */,
				BF7CF64A2645124A00F6C9D2 /* ImageButton.swift */,
				BF7CF64E26457D5900F6C9D2 /* NormalButton.swift */,
				BF7CF664264905C000F6C9D2 /* CircleButton.swift */,
			);
			path = Button;
			sourceTree = "<group>";
		};
		BF7CF6422645089800F6C9D2 /* TabBarVC */ = {
			isa = PBXGroup;
			children = (
				BF7CF62C2644018500F6C9D2 /* HomeTabBarVC.swift */,
			);
			path = TabBarVC;
			sourceTree = "<group>";
		};
		BF7CF643264508A500F6C9D2 /* Model */ = {
			isa = PBXGroup;
			children = (
				BF7CF6402644E7B000F6C9D2 /* Profile.swift */,
			);
			path = Model;
			sourceTree = "<group>";
		};
		BF7CF644264508B200F6C9D2 /* Home Tab */ = {
			isa = PBXGroup;
			children = (
				BF7CF6282644013800F6C9D2 /* LogoVC.swift */,
				BF7CF62A2644016400F6C9D2 /* LogoSettingsVC.swift */,
				BF7CF6452645090500F6C9D2 /* ImageStackVC.swift */,
				BF7CF63A2644DA1B00F6C9D2 /* ColorStackVC.swift */,
				BF7CF65026457F9A00F6C9D2 /* WKWebViewVC.swift */,
				BF7CF6622648F99B00F6C9D2 /* SnapChatCameraVC.swift */,
			);
			path = "Home Tab";
			sourceTree = "<group>";
		};
		BF7CF6472645093400F6C9D2 /* Views */ = {
			isa = PBXGroup;
			children = (
				BF7CF6482645094800F6C9D2 /* LogoImage.swift */,
			);
			path = Views;
			sourceTree = "<group>";
		};
/* End PBXGroup section */

/* Begin PBXNativeTarget section */
		BF6AA13326648E40001CD2CF /* My WidgetExtension */ = {
			isa = PBXNativeTarget;
			buildConfigurationList = BF6AA14926648E44001CD2CF /* Build configuration list for PBXNativeTarget "My WidgetExtension" */;
			buildPhases = (
				BF6AA13026648E40001CD2CF /* Sources */,
				BF6AA13126648E40001CD2CF /* Frameworks */,
				BF6AA13226648E40001CD2CF /* Resources */,
			);
			buildRules = (
			);
			dependencies = (
			);
			name = "My WidgetExtension";
			productName = "My WidgetExtension";
			productReference = BF6AA13426648E40001CD2CF /* My WidgetExtension.appex */;
			productType = "com.apple.product-type.app-extension";
		};
		BF7CF6102644004F00F6C9D2 /* LogoDemo */ = {
			isa = PBXNativeTarget;
			buildConfigurationList = BF7CF6252644005200F6C9D2 /* Build configuration list for PBXNativeTarget "LogoDemo" */;
			buildPhases = (
				BF7CF60D2644004F00F6C9D2 /* Sources */,
				BF7CF60E2644004F00F6C9D2 /* Frameworks */,
				BF7CF60F2644004F00F6C9D2 /* Resources */,
				BF6AA14626648E44001CD2CF /* Embed App Extensions */,
			);
			buildRules = (
			);
			dependencies = (
				BF6AA14426648E44001CD2CF /* PBXTargetDependency */,
			);
			name = LogoDemo;
			productName = LogoDemo;
			productReference = BF7CF6112644004F00F6C9D2 /* LogoDemo.app */;
			productType = "com.apple.product-type.application";
		};
/* End PBXNativeTarget section */

/* Begin PBXProject section */
		BF7CF6092644004F00F6C9D2 /* Project object */ = {
			isa = PBXProject;
			attributes = {
				LastSwiftUpdateCheck = 1250;
				LastUpgradeCheck = 1250;
				TargetAttributes = {
					BF6AA13326648E40001CD2CF = {
						CreatedOnToolsVersion = 12.5;
					};
					BF7CF6102644004F00F6C9D2 = {
						CreatedOnToolsVersion = 12.5;
					};
				};
			};
			buildConfigurationList = BF7CF60C2644004F00F6C9D2 /* Build configuration list for PBXProject "LogoDemo" */;
			compatibilityVersion = "Xcode 9.3";
			developmentRegion = en;
			hasScannedForEncodings = 0;
			knownRegions = (
				en,
				Base,
			);
			mainGroup = BF7CF6082644004F00F6C9D2;
			productRefGroup = BF7CF6122644004F00F6C9D2 /* Products */;
			projectDirPath = "";
			projectRoot = "";
			targets = (
				BF7CF6102644004F00F6C9D2 /* LogoDemo */,
				BF6AA13326648E40001CD2CF /* My WidgetExtension */,
			);
		};
/* End PBXProject section */

/* Begin PBXResourcesBuildPhase section */
		BF6AA13226648E40001CD2CF /* Resources */ = {
			isa = PBXResourcesBuildPhase;
			buildActionMask = 2147483647;
			files = (
				BF6AA13F26648E44001CD2CF /* Assets.xcassets in Resources */,
			);
			runOnlyForDeploymentPostprocessing = 0;
		};
		BF7CF60F2644004F00F6C9D2 /* Resources */ = {
			isa = PBXResourcesBuildPhase;
			buildActionMask = 2147483647;
			files = (
				BF7CF6212644005200F6C9D2 /* LaunchScreen.storyboard in Resources */,
				BF7CF61E2644005200F6C9D2 /* Assets.xcassets in Resources */,
			);
			runOnlyForDeploymentPostprocessing = 0;
		};
/* End PBXResourcesBuildPhase section */

/* Begin PBXSourcesBuildPhase section */
		BF6AA13026648E40001CD2CF /* Sources */ = {
			isa = PBXSourcesBuildPhase;
			buildActionMask = 2147483647;
			files = (
				BF6AA14126648E44001CD2CF /* My_Widget.intentdefinition in Sources */,
				BF6AA13C26648E40001CD2CF /* My_Widget.swift in Sources */,
			);
			runOnlyForDeploymentPostprocessing = 0;
		};
		BF7CF60D2644004F00F6C9D2 /* Sources */ = {
			isa = PBXSourcesBuildPhase;
			buildActionMask = 2147483647;
			files = (
				BF7CF6462645090500F6C9D2 /* ImageStackVC.swift in Sources */,
				BF7CF64D26451F6600F6C9D2 /* PickerVC.swift in Sources */,
				BF7CF6362644388500F6C9D2 /* LogoTextField.swift in Sources */,
				BF6B04852653FFE2002A9B4A /* ChoiceVC.swift in Sources */,
				BF7CF64F26457D5900F6C9D2 /* NormalButton.swift in Sources */,
				BF6AA14E266491E9001CD2CF /* WidgetVC.swift in Sources */,
				BF7CF6492645094800F6C9D2 /* LogoImage.swift in Sources */,
				BF7CF6412644E7B000F6C9D2 /* Profile.swift in Sources */,
				BF7CF62B2644016400F6C9D2 /* LogoSettingsVC.swift in Sources */,
				BF7CF6192644004F00F6C9D2 /* ViewController.swift in Sources */,
				BF7CF63B2644DA1B00F6C9D2 /* ColorStackVC.swift in Sources */,
				BF6B04892654C010002A9B4A /* BookKeepingVC.swift in Sources */,
				BF6B04872654064E002A9B4A /* SlotMachineVC.swift in Sources */,
				BF6AA14226648E44001CD2CF /* My_Widget.intentdefinition in Sources */,
				BF7CF64B2645124A00F6C9D2 /* ImageButton.swift in Sources */,
				BF7CF6292644013800F6C9D2 /* LogoVC.swift in Sources */,
				BF7CF62D2644018500F6C9D2 /* HomeTabBarVC.swift in Sources */,
				BF7CF6152644004F00F6C9D2 /* AppDelegate.swift in Sources */,
				BF7CF633264436B500F6C9D2 /* LogoBodyLabel.swift in Sources */,
				BF7CF65126457F9A00F6C9D2 /* WKWebViewVC.swift in Sources */,
				BF7CF665264905C000F6C9D2 /* CircleButton.swift in Sources */,
				BF7CF6632648F99B00F6C9D2 /* SnapChatCameraVC.swift in Sources */,
				BF7CF63926443BA200F6C9D2 /* ColorButton.swift in Sources */,
				BF7CF6172644004F00F6C9D2 /* SceneDelegate.swift in Sources */,
				BF7CF63126442E4E00F6C9D2 /* LogoTitleLabel.swift in Sources */,
			);
			runOnlyForDeploymentPostprocessing = 0;
		};
/* End PBXSourcesBuildPhase section */

/* Begin PBXTargetDependency section */
		BF6AA14426648E44001CD2CF /* PBXTargetDependency */ = {
			isa = PBXTargetDependency;
			target = BF6AA13326648E40001CD2CF /* My WidgetExtension */;
			targetProxy = BF6AA14326648E44001CD2CF /* PBXContainerItemProxy */;
		};
/* End PBXTargetDependency section */

/* Begin PBXVariantGroup section */
		BF7CF61F2644005200F6C9D2 /* LaunchScreen.storyboard */ = {
			isa = PBXVariantGroup;
			children = (
				BF7CF6202644005200F6C9D2 /* Base */,
			);
			name = LaunchScreen.storyboard;
			sourceTree = "<group>";
		};
/* End PBXVariantGroup section */

/* Begin XCBuildConfiguration section */
		BF6AA14726648E44001CD2CF /* Debug */ = {
			isa = XCBuildConfiguration;
			buildSettings = {
				ASSETCATALOG_COMPILER_GLOBAL_ACCENT_COLOR_NAME = AccentColor;
				ASSETCATALOG_COMPILER_WIDGET_BACKGROUND_COLOR_NAME = WidgetBackground;
				CODE_SIGN_ENTITLEMENTS = "My WidgetExtension.entitlements";
				CODE_SIGN_STYLE = Automatic;
				DEVELOPMENT_TEAM = N492VC6PS9;
				INFOPLIST_FILE = "My Widget/Info.plist";
				LD_RUNPATH_SEARCH_PATHS = (
					"$(inherited)",
					"@executable_path/Frameworks",
					"@executable_path/../../Frameworks",
				);
				PRODUCT_BUNDLE_IDENTIFIER = "com.dzhiphop.LogoDemo.My-Widget";
				PRODUCT_NAME = "$(TARGET_NAME)";
				SKIP_INSTALL = YES;
				SWIFT_VERSION = 5.0;
				TARGETED_DEVICE_FAMILY = "1,2";
			};
			name = Debug;
		};
		BF6AA14826648E44001CD2CF /* Release */ = {
			isa = XCBuildConfiguration;
			buildSettings = {
				ASSETCATALOG_COMPILER_GLOBAL_ACCENT_COLOR_NAME = AccentColor;
				ASSETCATALOG_COMPILER_WIDGET_BACKGROUND_COLOR_NAME = WidgetBackground;
				CODE_SIGN_ENTITLEMENTS = "My WidgetExtension.entitlements";
				CODE_SIGN_STYLE = Automatic;
				DEVELOPMENT_TEAM = N492VC6PS9;
				INFOPLIST_FILE = "My Widget/Info.plist";
				LD_RUNPATH_SEARCH_PATHS = (
					"$(inherited)",
					"@executable_path/Frameworks",
					"@executable_path/../../Frameworks",
				);
				PRODUCT_BUNDLE_IDENTIFIER = "com.dzhiphop.LogoDemo.My-Widget";
				PRODUCT_NAME = "$(TARGET_NAME)";
				SKIP_INSTALL = YES;
				SWIFT_VERSION = 5.0;
				TARGETED_DEVICE_FAMILY = "1,2";
			};
			name = Release;
		};
		BF7CF6232644005200F6C9D2 /* Debug */ = {
			isa = XCBuildConfiguration;
			buildSettings = {
				ALWAYS_SEARCH_USER_PATHS = NO;
				CLANG_ANALYZER_NONNULL = YES;
				CLANG_ANALYZER_NUMBER_OBJECT_CONVERSION = YES_AGGRESSIVE;
				CLANG_CXX_LANGUAGE_STANDARD = "gnu++14";
				CLANG_CXX_LIBRARY = "libc++";
				CLANG_ENABLE_MODULES = YES;
				CLANG_ENABLE_OBJC_ARC = YES;
				CLANG_ENABLE_OBJC_WEAK = YES;
				CLANG_WARN_BLOCK_CAPTURE_AUTORELEASING = YES;
				CLANG_WARN_BOOL_CONVERSION = YES;
				CLANG_WARN_COMMA = YES;
				CLANG_WARN_CONSTANT_CONVERSION = YES;
				CLANG_WARN_DEPRECATED_OBJC_IMPLEMENTATIONS = YES;
				CLANG_WARN_DIRECT_OBJC_ISA_USAGE = YES_ERROR;
				CLANG_WARN_DOCUMENTATION_COMMENTS = YES;
				CLANG_WARN_EMPTY_BODY = YES;
				CLANG_WARN_ENUM_CONVERSION = YES;
				CLANG_WARN_INFINITE_RECURSION = YES;
				CLANG_WARN_INT_CONVERSION = YES;
				CLANG_WARN_NON_LITERAL_NULL_CONVERSION = YES;
				CLANG_WARN_OBJC_IMPLICIT_RETAIN_SELF = YES;
				CLANG_WARN_OBJC_LITERAL_CONVERSION = YES;
				CLANG_WARN_OBJC_ROOT_CLASS = YES_ERROR;
				CLANG_WARN_QUOTED_INCLUDE_IN_FRAMEWORK_HEADER = YES;
				CLANG_WARN_RANGE_LOOP_ANALYSIS = YES;
				CLANG_WARN_STRICT_PROTOTYPES = YES;
				CLANG_WARN_SUSPICIOUS_MOVE = YES;
				CLANG_WARN_UNGUARDED_AVAILABILITY = YES_AGGRESSIVE;
				CLANG_WARN_UNREACHABLE_CODE = YES;
				CLANG_WARN__DUPLICATE_METHOD_MATCH = YES;
				COPY_PHASE_STRIP = NO;
				DEBUG_INFORMATION_FORMAT = dwarf;
				ENABLE_STRICT_OBJC_MSGSEND = YES;
				ENABLE_TESTABILITY = YES;
				GCC_C_LANGUAGE_STANDARD = gnu11;
				GCC_DYNAMIC_NO_PIC = NO;
				GCC_NO_COMMON_BLOCKS = YES;
				GCC_OPTIMIZATION_LEVEL = 0;
				GCC_PREPROCESSOR_DEFINITIONS = (
					"DEBUG=1",
					"$(inherited)",
				);
				GCC_WARN_64_TO_32_BIT_CONVERSION = YES;
				GCC_WARN_ABOUT_RETURN_TYPE = YES_ERROR;
				GCC_WARN_UNDECLARED_SELECTOR = YES;
				GCC_WARN_UNINITIALIZED_AUTOS = YES_AGGRESSIVE;
				GCC_WARN_UNUSED_FUNCTION = YES;
				GCC_WARN_UNUSED_VARIABLE = YES;
				IPHONEOS_DEPLOYMENT_TARGET = 14.5;
				MTL_ENABLE_DEBUG_INFO = INCLUDE_SOURCE;
				MTL_FAST_MATH = YES;
				ONLY_ACTIVE_ARCH = YES;
				SDKROOT = iphoneos;
				SWIFT_ACTIVE_COMPILATION_CONDITIONS = DEBUG;
				SWIFT_OPTIMIZATION_LEVEL = "-Onone";
			};
			name = Debug;
		};
		BF7CF6242644005200F6C9D2 /* Release */ = {
			isa = XCBuildConfiguration;
			buildSettings = {
				ALWAYS_SEARCH_USER_PATHS = NO;
				CLANG_ANALYZER_NONNULL = YES;
				CLANG_ANALYZER_NUMBER_OBJECT_CONVERSION = YES_AGGRESSIVE;
				CLANG_CXX_LANGUAGE_STANDARD = "gnu++14";
				CLANG_CXX_LIBRARY = "libc++";
				CLANG_ENABLE_MODULES = YES;
				CLANG_ENABLE_OBJC_ARC = YES;
				CLANG_ENABLE_OBJC_WEAK = YES;
				CLANG_WARN_BLOCK_CAPTURE_AUTORELEASING = YES;
				CLANG_WARN_BOOL_CONVERSION = YES;
				CLANG_WARN_COMMA = YES;
				CLANG_WARN_CONSTANT_CONVERSION = YES;
				CLANG_WARN_DEPRECATED_OBJC_IMPLEMENTATIONS = YES;
				CLANG_WARN_DIRECT_OBJC_ISA_USAGE = YES_ERROR;
				CLANG_WARN_DOCUMENTATION_COMMENTS = YES;
				CLANG_WARN_EMPTY_BODY = YES;
				CLANG_WARN_ENUM_CONVERSION = YES;
				CLANG_WARN_INFINITE_RECURSION = YES;
				CLANG_WARN_INT_CONVERSION = YES;
				CLANG_WARN_NON_LITERAL_NULL_CONVERSION = YES;
				CLANG_WARN_OBJC_IMPLICIT_RETAIN_SELF = YES;
				CLANG_WARN_OBJC_LITERAL_CONVERSION = YES;
				CLANG_WARN_OBJC_ROOT_CLASS = YES_ERROR;
				CLANG_WARN_QUOTED_INCLUDE_IN_FRAMEWORK_HEADER = YES;
				CLANG_WARN_RANGE_LOOP_ANALYSIS = YES;
				CLANG_WARN_STRICT_PROTOTYPES = YES;
				CLANG_WARN_SUSPICIOUS_MOVE = YES;
				CLANG_WARN_UNGUARDED_AVAILABILITY = YES_AGGRESSIVE;
				CLANG_WARN_UNREACHABLE_CODE = YES;
				CLANG_WARN__DUPLICATE_METHOD_MATCH = YES;
				COPY_PHASE_STRIP = NO;
				DEBUG_INFORMATION_FORMAT = "dwarf-with-dsym";
				ENABLE_NS_ASSERTIONS = NO;
				ENABLE_STRICT_OBJC_MSGSEND = YES;
				GCC_C_LANGUAGE_STANDARD = gnu11;
				GCC_NO_COMMON_BLOCKS = YES;
				GCC_WARN_64_TO_32_BIT_CONVERSION = YES;
				GCC_WARN_ABOUT_RETURN_TYPE = YES_ERROR;
				GCC_WARN_UNDECLARED_SELECTOR = YES;
				GCC_WARN_UNINITIALIZED_AUTOS = YES_AGGRESSIVE;
				GCC_WARN_UNUSED_FUNCTION = YES;
				GCC_WARN_UNUSED_VARIABLE = YES;
				IPHONEOS_DEPLOYMENT_TARGET = 14.5;
				MTL_ENABLE_DEBUG_INFO = NO;
				MTL_FAST_MATH = YES;
				SDKROOT = iphoneos;
				SWIFT_COMPILATION_MODE = wholemodule;
				SWIFT_OPTIMIZATION_LEVEL = "-O";
				VALIDATE_PRODUCT = YES;
			};
			name = Release;
		};
		BF7CF6262644005200F6C9D2 /* Debug */ = {
			isa = XCBuildConfiguration;
			buildSettings = {
				ALWAYS_EMBED_SWIFT_STANDARD_LIBRARIES = YES;
				ASSETCATALOG_COMPILER_APPICON_NAME = AppIcon;
				ASSETCATALOG_COMPILER_GLOBAL_ACCENT_COLOR_NAME = AccentColor;
				CODE_SIGN_ENTITLEMENTS = LogoDemo/LogoDemo.entitlements;
				CODE_SIGN_STYLE = Automatic;
				DEVELOPMENT_TEAM = N492VC6PS9;
				INFOPLIST_FILE = LogoDemo/Info.plist;
				LD_RUNPATH_SEARCH_PATHS = (
					"$(inherited)",
					"@executable_path/Frameworks",
				);
				PRODUCT_BUNDLE_IDENTIFIER = com.dzhiphop.LogoDemo;
				PRODUCT_NAME = "$(TARGET_NAME)";
				SWIFT_VERSION = 5.0;
				TARGETED_DEVICE_FAMILY = "1,2";
			};
			name = Debug;
		};
		BF7CF6272644005200F6C9D2 /* Release */ = {
			isa = XCBuildConfiguration;
			buildSettings = {
				ALWAYS_EMBED_SWIFT_STANDARD_LIBRARIES = YES;
				ASSETCATALOG_COMPILER_APPICON_NAME = AppIcon;
				ASSETCATALOG_COMPILER_GLOBAL_ACCENT_COLOR_NAME = AccentColor;
				CODE_SIGN_ENTITLEMENTS = LogoDemo/LogoDemo.entitlements;
				CODE_SIGN_STYLE = Automatic;
				DEVELOPMENT_TEAM = N492VC6PS9;
				INFOPLIST_FILE = LogoDemo/Info.plist;
				LD_RUNPATH_SEARCH_PATHS = (
					"$(inherited)",
					"@executable_path/Frameworks",
				);
				PRODUCT_BUNDLE_IDENTIFIER = com.dzhiphop.LogoDemo;
				PRODUCT_NAME = "$(TARGET_NAME)";
				SWIFT_VERSION = 5.0;
				TARGETED_DEVICE_FAMILY = "1,2";
			};
			name = Release;
		};
/* End XCBuildConfiguration section */

/* Begin XCConfigurationList section */
		BF6AA14926648E44001CD2CF /* Build configuration list for PBXNativeTarget "My WidgetExtension" */ = {
			isa = XCConfigurationList;
			buildConfigurations = (
				BF6AA14726648E44001CD2CF /* Debug */,
				BF6AA14826648E44001CD2CF /* Release */,
			);
			defaultConfigurationIsVisible = 0;
			defaultConfigurationName = Release;
		};
		BF7CF60C2644004F00F6C9D2 /* Build configuration list for PBXProject "LogoDemo" */ = {
			isa = XCConfigurationList;
			buildConfigurations = (
				BF7CF6232644005200F6C9D2 /* Debug */,
				BF7CF6242644005200F6C9D2 /* Release */,
			);
			defaultConfigurationIsVisible = 0;
			defaultConfigurationName = Release;
		};
		BF7CF6252644005200F6C9D2 /* Build configuration list for PBXNativeTarget "LogoDemo" */ = {
			isa = XCConfigurationList;
			buildConfigurations = (
				BF7CF6262644005200F6C9D2 /* Debug */,
				BF7CF6272644005200F6C9D2 /* Release */,
			);
			defaultConfigurationIsVisible = 0;
			defaultConfigurationName = Release;
		};
/* End XCConfigurationList section */
	};
	rootObject = BF7CF6092644004F00F6C9D2 /* Project object */;
}
