// !$*UTF8*$!
{
	archiveVersion = 1;
	classes = {
	};
	objectVersion = 50;
	objects = {

/* Begin PBXBuildFile section */
		BF7CF6152644004F00F6C9D2 /* AppDelegate.swift in Sources */ = {isa = PBXBuildFile; fileRef = BF7CF6142644004F00F6C9D2 /* AppDelegate.swift */; };
		BF7CF6172644004F00F6C9D2 /* SceneDelegate.swift in Sources */ = {isa = PBXBuildFile; fileRef = BF7CF6162644004F00F6C9D2 /* SceneDelegate.swift */; };
		BF7CF6192644004F00F6C9D2 /* ViewController.swift in Sources */ = {isa = PBXBuildFile; fileRef = BF7CF6182644004F00F6C9D2 /* ViewController.swift */; };
		BF7CF61E2644005200F6C9D2 /* Assets.xcassets in Resources */ = {isa = PBXBuildFile; fileRef = BF7CF61D2644005200F6C9D2 /* Assets.xcassets */; };
		BF7CF6212644005200F6C9D2 /* LaunchScreen.storyboard in Resources */ = {isa = PBXBuildFile; fileRef = BF7CF61F2644005200F6C9D2 /* LaunchScreen.storyboard */; };
		BF7CF6292644013800F6C9D2 /* LogoVC.swift in Sources */ = {isa = PBXBuildFile; fileRef = BF7CF6282644013800F6C9D2 /* LogoVC.swift */; };
		BF7CF62B2644016400F6C9D2 /* LogoSettingsVC.swift in Sources */ = {isa = PBXBuildFile; fileRef = BF7CF62A2644016400F6C9D2 /* LogoSettingsVC.swift */; };
		BF7CF62D2644018500F6C9D2 /* HomeTabBarVC.swift in Sources */ = {isa = PBXBuildFile; fileRef = BF7CF62C2644018500F6C9D2 /* HomeTabBarVC.swift */; };
		BF7CF63126442E4E00F6C9D2 /* LogoTitleLabel.swift in Sources */ = {isa = PBXBuildFile; fileRef = BF7CF63026442E4E00F6C9D2 /* LogoTitleLabel.swift */; };
		BF7CF633264436B500F6C9D2 /* LogoBodyLabel.swift in Sources */ = {isa = PBXBuildFile; fileRef = BF7CF632264436B500F6C9D2 /* LogoBodyLabel.swift */; };
		BF7CF6362644388500F6C9D2 /* LogoTextField.swift in Sources */ = {isa = PBXBuildFile; fileRef = BF7CF6352644388500F6C9D2 /* LogoTextField.swift */; };
		BF7CF63926443BA200F6C9D2 /* ColorButton.swift in Sources */ = {isa = PBXBuildFile; fileRef = BF7CF63826443BA200F6C9D2 /* ColorButton.swift */; };
		BF7CF63B2644DA1B00F6C9D2 /* ColorStackVC.swift in Sources */ = {isa = PBXBuildFile; fileRef = BF7CF63A2644DA1B00F6C9D2 /* ColorStackVC.swift */; };
		BF7CF6412644E7B000F6C9D2 /* Profile.swift in Sources */ = {isa = PBXBuildFile; fileRef = BF7CF6402644E7B000F6C9D2 /* Profile.swift */; };
		BF7CF6462645090500F6C9D2 /* ImageStackVC.swift in Sources */ = {isa = PBXBuildFile; fileRef = BF7CF6452645090500F6C9D2 /* ImageStackVC.swift */; };
		BF7CF6492645094800F6C9D2 /* LogoImage.swift in Sources */ = {isa = PBXBuildFile; fileRef = BF7CF6482645094800F6C9D2 /* LogoImage.swift */; };
		BF7CF64B2645124A00F6C9D2 /* ImageButton.swift in Sources */ = {isa = PBXBuildFile; fileRef = BF7CF64A2645124A00F6C9D2 /* ImageButton.swift */; };
		BF7CF64D26451F6600F6C9D2 /* WKWebVC.swift in Sources */ = {isa = PBXBuildFile; fileRef = BF7CF64C26451F6600F6C9D2 /* WKWebVC.swift */; };
		BF7CF64F26457D5900F6C9D2 /* NormalButton.swift in Sources */ = {isa = PBXBuildFile; fileRef = BF7CF64E26457D5900F6C9D2 /* NormalButton.swift */; };
		BF7CF65126457F9A00F6C9D2 /* WKWebViewVC.swift in Sources */ = {isa = PBXBuildFile; fileRef = BF7CF65026457F9A00F6C9D2 /* WKWebViewVC.swift */; };
/* End PBXBuildFile section */

/* Begin PBXFileReference section */
		BF7CF6112644004F00F6C9D2 /* LogoDemo.app */ = {isa = PBXFileReference; explicitFileType = wrapper.application; includeInIndex = 0; path = LogoDemo.app; sourceTree = BUILT_PRODUCTS_DIR; };
		BF7CF6142644004F00F6C9D2 /* AppDelegate.swift */ = {isa = PBXFileReference; lastKnownFileType = sourcecode.swift; path = AppDelegate.swift; sourceTree = "<group>"; };
		BF7CF6162644004F00F6C9D2 /* SceneDelegate.swift */ = {isa = PBXFileReference; lastKnownFileType = sourcecode.swift; path = SceneDelegate.swift; sourceTree = "<group>"; };
		BF7CF6182644004F00F6C9D2 /* ViewController.swift */ = {isa = PBXFileReference; lastKnownFileType = sourcecode.swift; path = ViewController.swift; sourceTree = "<group>"; };
		BF7CF61D2644005200F6C9D2 /* Assets.xcassets */ = {isa = PBXFileReference; lastKnownFileType = folder.assetcatalog; path = Assets.xcassets; sourceTree = "<group>"; };
		BF7CF6202644005200F6C9D2 /* Base */ = {isa = PBXFileReference; lastKnownFileType = file.storyboard; name = Base; path = Base.lproj/LaunchScreen.storyboard; sourceTree = "<group>"; };
		BF7CF6222644005200F6C9D2 /* Info.plist */ = {isa = PBXFileReference; lastKnownFileType = text.plist.xml; path = Info.plist; sourceTree = "<group>"; };
		BF7CF6282644013800F6C9D2 /* LogoVC.swift */ = {isa = PBXFileReference; lastKnownFileType = sourcecode.swift; path = LogoVC.swift; sourceTree = "<group>"; };
		BF7CF62A2644016400F6C9D2 /* LogoSettingsVC.swift */ = {isa = PBXFileReference; lastKnownFileType = sourcecode.swift; path = LogoSettingsVC.swift; sourceTree = "<group>"; };
		BF7CF62C2644018500F6C9D2 /* HomeTabBarVC.swift */ = {isa = PBXFileReference; lastKnownFileType = sourcecode.swift; path = HomeTabBarVC.swift; sourceTree = "<group>"; };
		BF7CF63026442E4E00F6C9D2 /* LogoTitleLabel.swift */ = {isa = PBXFileReference; lastKnownFileType = sourcecode.swift; path = LogoTitleLabel.swift; sourceTree = "<group>"; };
		BF7CF632264436B500F6C9D2 /* LogoBodyLabel.swift */ = {isa = PBXFileReference; lastKnownFileType = sourcecode.swift; path = LogoBodyLabel.swift; sourceTree = "<group>"; };
		BF7CF6352644388500F6C9D2 /* LogoTextField.swift */ = {isa = PBXFileReference; lastKnownFileType = sourcecode.swift; path = LogoTextField.swift; sourceTree = "<group>"; };
		BF7CF63826443BA200F6C9D2 /* ColorButton.swift */ = {isa = PBXFileReference; lastKnownFileType = sourcecode.swift; path = ColorButton.swift; sourceTree = "<group>"; };
		BF7CF63A2644DA1B00F6C9D2 /* ColorStackVC.swift */ = {isa = PBXFileReference; lastKnownFileType = sourcecode.swift; path = ColorStackVC.swift; sourceTree = "<group>"; };
		BF7CF6402644E7B000F6C9D2 /* Profile.swift */ = {isa = PBXFileReference; fileEncoding = 4; lastKnownFileType = sourcecode.swift; path = Profile.swift; sourceTree = "<group>"; };
		BF7CF6452645090500F6C9D2 /* ImageStackVC.swift */ = {isa = PBXFileReference; lastKnownFileType = sourcecode.swift; path = ImageStackVC.swift; sourceTree = "<group>"; };
		BF7CF6482645094800F6C9D2 /* LogoImage.swift */ = {isa = PBXFileReference; lastKnownFileType = sourcecode.swift; path = LogoImage.swift; sourceTree = "<group>"; };
		BF7CF64A2645124A00F6C9D2 /* ImageButton.swift */ = {isa = PBXFileReference; lastKnownFileType = sourcecode.swift; path = ImageButton.swift; sourceTree = "<group>"; };
		BF7CF64C26451F6600F6C9D2 /* WKWebVC.swift */ = {isa = PBXFileReference; lastKnownFileType = sourcecode.swift; path = WKWebVC.swift; sourceTree = "<group>"; };
		BF7CF64E26457D5900F6C9D2 /* NormalButton.swift */ = {isa = PBXFileReference; lastKnownFileType = sourcecode.swift; path = NormalButton.swift; sourceTree = "<group>"; };
		BF7CF65026457F9A00F6C9D2 /* WKWebViewVC.swift */ = {isa = PBXFileReference; lastKnownFileType = sourcecode.swift; path = WKWebViewVC.swift; sourceTree = "<group>"; };
/* End PBXFileReference section */

/* Begin PBXFrameworksBuildPhase section */
		BF7CF60E2644004F00F6C9D2 /* Frameworks */ = {
			isa = PBXFrameworksBuildPhase;
			buildActionMask = 2147483647;
			files = (
			);
			runOnlyForDeploymentPostprocessing = 0;
		};
/* End PBXFrameworksBuildPhase section */

/* Begin PBXGroup section */
		BF7CF6082644004F00F6C9D2 = {
			isa = PBXGroup;
			children = (
				BF7CF6132644004F00F6C9D2 /* LogoDemo */,
				BF7CF6122644004F00F6C9D2 /* Products */,
			);
			sourceTree = "<group>";
		};
		BF7CF6122644004F00F6C9D2 /* Products */ = {
			isa = PBXGroup;
			children = (
				BF7CF6112644004F00F6C9D2 /* LogoDemo.app */,
			);
			name = Products;
			sourceTree = "<group>";
		};
		BF7CF6132644004F00F6C9D2 /* LogoDemo */ = {
			isa = PBXGroup;
			children = (
				BF7CF6142644004F00F6C9D2 /* AppDelegate.swift */,
				BF7CF6162644004F00F6C9D2 /* SceneDelegate.swift */,
				BF7CF6182644004F00F6C9D2 /* ViewController.swift */,
				BF7CF64C26451F6600F6C9D2 /* WKWebVC.swift */,
				BF7CF643264508A500F6C9D2 /* Model */,
				BF7CF644264508B200F6C9D2 /* Home Tab */,
				BF7CF62E26442E2600F6C9D2 /* Components */,
				BF7CF61D2644005200F6C9D2 /* Assets.xcassets */,
				BF7CF61F2644005200F6C9D2 /* LaunchScreen.storyboard */,
				BF7CF6222644005200F6C9D2 /* Info.plist */,
			);
			path = LogoDemo;
			sourceTree = "<group>";
		};
		BF7CF62E26442E2600F6C9D2 /* Components */ = {
			isa = PBXGroup;
			children = (
				BF7CF6472645093400F6C9D2 /* Views */,
				BF7CF6422645089800F6C9D2 /* TabBarVC */,
				BF7CF63726443B8D00F6C9D2 /* Button */,
				BF7CF6342644386800F6C9D2 /* TextField */,
				BF7CF62F26442E3500F6C9D2 /* Label */,
			);
			path = Components;
			sourceTree = "<group>";
		};
		BF7CF62F26442E3500F6C9D2 /* Label */ = {
			isa = PBXGroup;
			children = (
				BF7CF63026442E4E00F6C9D2 /* LogoTitleLabel.swift */,
				BF7CF632264436B500F6C9D2 /* LogoBodyLabel.swift */,
			);
			path = Label;
			sourceTree = "<group>";
		};
		BF7CF6342644386800F6C9D2 /* TextField */ = {
			isa = PBXGroup;
			children = (
				BF7CF6352644388500F6C9D2 /* LogoTextField.swift */,
			);
			path = TextField;
			sourceTree = "<group>";
		};
		BF7CF63726443B8D00F6C9D2 /* Button */ = {
			isa = PBXGroup;
			children = (
				BF7CF63826443BA200F6C9D2 /* ColorButton.swift */,
				BF7CF64A2645124A00F6C9D2 /* ImageButton.swift */,
				BF7CF64E26457D5900F6C9D2 /* NormalButton.swift */,
			);
			path = Button;
			sourceTree = "<group>";
		};
		BF7CF6422645089800F6C9D2 /* TabBarVC */ = {
			isa = PBXGroup;
			children = (
				BF7CF62C2644018500F6C9D2 /* HomeTabBarVC.swift */,
			);
			path = TabBarVC;
			sourceTree = "<group>";
		};
		BF7CF643264508A500F6C9D2 /* Model */ = {
			isa = PBXGroup;
			children = (
				BF7CF6402644E7B000F6C9D2 /* Profile.swift */,
			);
			path = Model;
			sourceTree = "<group>";
		};
		BF7CF644264508B200F6C9D2 /* Home Tab */ = {
			isa = PBXGroup;
			children = (
				BF7CF6282644013800F6C9D2 /* LogoVC.swift */,
				BF7CF62A2644016400F6C9D2 /* LogoSettingsVC.swift */,
				BF7CF6452645090500F6C9D2 /* ImageStackVC.swift */,
				BF7CF63A2644DA1B00F6C9D2 /* ColorStackVC.swift */,
				BF7CF65026457F9A00F6C9D2 /* WKWebViewVC.swift */,
			);
			path = "Home Tab";
			sourceTree = "<group>";
		};
		BF7CF6472645093400F6C9D2 /* Views */ = {
			isa = PBXGroup;
			children = (
				BF7CF6482645094800F6C9D2 /* LogoImage.swift */,
			);
			path = Views;
			sourceTree = "<group>";
		};
/* End PBXGroup section */

/* Begin PBXNativeTarget section */
		BF7CF6102644004F00F6C9D2 /* LogoDemo */ = {
			isa = PBXNativeTarget;
			buildConfigurationList = BF7CF6252644005200F6C9D2 /* Build configuration list for PBXNativeTarget "LogoDemo" */;
			buildPhases = (
				BF7CF60D2644004F00F6C9D2 /* Sources */,
				BF7CF60E2644004F00F6C9D2 /* Frameworks */,
				BF7CF60F2644004F00F6C9D2 /* Resources */,
			);
			buildRules = (
			);
			dependencies = (
			);
			name = LogoDemo;
			productName = LogoDemo;
			productReference = BF7CF6112644004F00F6C9D2 /* LogoDemo.app */;
			productType = "com.apple.product-type.application";
		};
/* End PBXNativeTarget section */

/* Begin PBXProject section */
		BF7CF6092644004F00F6C9D2 /* Project object */ = {
			isa = PBXProject;
			attributes = {
				LastSwiftUpdateCheck = 1250;
				LastUpgradeCheck = 1250;
				TargetAttributes = {
					BF7CF6102644004F00F6C9D2 = {
						CreatedOnToolsVersion = 12.5;
					};
				};
			};
			buildConfigurationList = BF7CF60C2644004F00F6C9D2 /* Build configuration list for PBXProject "LogoDemo" */;
			compatibilityVersion = "Xcode 9.3";
			developmentRegion = en;
			hasScannedForEncodings = 0;
			knownRegions = (
				en,
				Base,
			);
			mainGroup = BF7CF6082644004F00F6C9D2;
			productRefGroup = BF7CF6122644004F00F6C9D2 /* Products */;
			projectDirPath = "";
			projectRoot = "";
			targets = (
				BF7CF6102644004F00F6C9D2 /* LogoDemo */,
			);
		};
/* End PBXProject section */

/* Begin PBXResourcesBuildPhase section */
		BF7CF60F2644004F00F6C9D2 /* Resources */ = {
			isa = PBXResourcesBuildPhase;
			buildActionMask = 2147483647;
			files = (
				BF7CF6212644005200F6C9D2 /* LaunchScreen.storyboard in Resources */,
				BF7CF61E2644005200F6C9D2 /* Assets.xcassets in Resources */,
			);
			runOnlyForDeploymentPostprocessing = 0;
		};
/* End PBXResourcesBuildPhase section */

/* Begin PBXSourcesBuildPhase section */
		BF7CF60D2644004F00F6C9D2 /* Sources */ = {
			isa = PBXSourcesBuildPhase;
			buildActionMask = 2147483647;
			files = (
				BF7CF6462645090500F6C9D2 /* ImageStackVC.swift in Sources */,
				BF7CF64D26451F6600F6C9D2 /* WKWebVC.swift in Sources */,
				BF7CF6362644388500F6C9D2 /* LogoTextField.swift in Sources */,
				BF7CF64F26457D5900F6C9D2 /* NormalButton.swift in Sources */,
				BF7CF6492645094800F6C9D2 /* LogoImage.swift in Sources */,
				BF7CF6412644E7B000F6C9D2 /* Profile.swift in Sources */,
				BF7CF62B2644016400F6C9D2 /* LogoSettingsVC.swift in Sources */,
				BF7CF6192644004F00F6C9D2 /* ViewController.swift in Sources */,
				BF7CF63B2644DA1B00F6C9D2 /* ColorStackVC.swift in Sources */,
				BF7CF64B2645124A00F6C9D2 /* ImageButton.swift in Sources */,
				BF7CF6292644013800F6C9D2 /* LogoVC.swift in Sources */,
				BF7CF62D2644018500F6C9D2 /* HomeTabBarVC.swift in Sources */,
				BF7CF6152644004F00F6C9D2 /* AppDelegate.swift in Sources */,
				BF7CF633264436B500F6C9D2 /* LogoBodyLabel.swift in Sources */,
				BF7CF65126457F9A00F6C9D2 /* WKWebViewVC.swift in Sources */,
				BF7CF63926443BA200F6C9D2 /* ColorButton.swift in Sources */,
				BF7CF6172644004F00F6C9D2 /* SceneDelegate.swift in Sources */,
				BF7CF63126442E4E00F6C9D2 /* LogoTitleLabel.swift in Sources */,
			);
			runOnlyForDeploymentPostprocessing = 0;
		};
/* End PBXSourcesBuildPhase section */

/* Begin PBXVariantGroup section */
		BF7CF61F2644005200F6C9D2 /* LaunchScreen.storyboard */ = {
			isa = PBXVariantGroup;
			children = (
				BF7CF6202644005200F6C9D2 /* Base */,
			);
			name = LaunchScreen.storyboard;
			sourceTree = "<group>";
		};
/* End PBXVariantGroup section */

/* Begin XCBuildConfiguration section */
		BF7CF6232644005200F6C9D2 /* Debug */ = {
			isa = XCBuildConfiguration;
			buildSettings = {
				ALWAYS_SEARCH_USER_PATHS = NO;
				CLANG_ANALYZER_NONNULL = YES;
				CLANG_ANALYZER_NUMBER_OBJECT_CONVERSION = YES_AGGRESSIVE;
				CLANG_CXX_LANGUAGE_STANDARD = "gnu++14";
				CLANG_CXX_LIBRARY = "libc++";
				CLANG_ENABLE_MODULES = YES;
				CLANG_ENABLE_OBJC_ARC = YES;
				CLANG_ENABLE_OBJC_WEAK = YES;
				CLANG_WARN_BLOCK_CAPTURE_AUTORELEASING = YES;
				CLANG_WARN_BOOL_CONVERSION = YES;
				CLANG_WARN_COMMA = YES;
				CLANG_WARN_CONSTANT_CONVERSION = YES;
				CLANG_WARN_DEPRECATED_OBJC_IMPLEMENTATIONS = YES;
				CLANG_WARN_DIRECT_OBJC_ISA_USAGE = YES_ERROR;
				CLANG_WARN_DOCUMENTATION_COMMENTS = YES;
				CLANG_WARN_EMPTY_BODY = YES;
				CLANG_WARN_ENUM_CONVERSION = YES;
				CLANG_WARN_INFINITE_RECURSION = YES;
				CLANG_WARN_INT_CONVERSION = YES;
				CLANG_WARN_NON_LITERAL_NULL_CONVERSION = YES;
				CLANG_WARN_OBJC_IMPLICIT_RETAIN_SELF = YES;
				CLANG_WARN_OBJC_LITERAL_CONVERSION = YES;
				CLANG_WARN_OBJC_ROOT_CLASS = YES_ERROR;
				CLANG_WARN_QUOTED_INCLUDE_IN_FRAMEWORK_HEADER = YES;
				CLANG_WARN_RANGE_LOOP_ANALYSIS = YES;
				CLANG_WARN_STRICT_PROTOTYPES = YES;
				CLANG_WARN_SUSPICIOUS_MOVE = YES;
				CLANG_WARN_UNGUARDED_AVAILABILITY = YES_AGGRESSIVE;
				CLANG_WARN_UNREACHABLE_CODE = YES;
				CLANG_WARN__DUPLICATE_METHOD_MATCH = YES;
				COPY_PHASE_STRIP = NO;
				DEBUG_INFORMATION_FORMAT = dwarf;
				ENABLE_STRICT_OBJC_MSGSEND = YES;
				ENABLE_TESTABILITY = YES;
				GCC_C_LANGUAGE_STANDARD = gnu11;
				GCC_DYNAMIC_NO_PIC = NO;
				GCC_NO_COMMON_BLOCKS = YES;
				GCC_OPTIMIZATION_LEVEL = 0;
				GCC_PREPROCESSOR_DEFINITIONS = (
					"DEBUG=1",
					"$(inherited)",
				);
				GCC_WARN_64_TO_32_BIT_CONVERSION = YES;
				GCC_WARN_ABOUT_RETURN_TYPE = YES_ERROR;
				GCC_WARN_UNDECLARED_SELECTOR = YES;
				GCC_WARN_UNINITIALIZED_AUTOS = YES_AGGRESSIVE;
				GCC_WARN_UNUSED_FUNCTION = YES;
				GCC_WARN_UNUSED_VARIABLE = YES;
				IPHONEOS_DEPLOYMENT_TARGET = 14.5;
				MTL_ENABLE_DEBUG_INFO = INCLUDE_SOURCE;
				MTL_FAST_MATH = YES;
				ONLY_ACTIVE_ARCH = YES;
				SDKROOT = iphoneos;
				SWIFT_ACTIVE_COMPILATION_CONDITIONS = DEBUG;
				SWIFT_OPTIMIZATION_LEVEL = "-Onone";
			};
			name = Debug;
		};
		BF7CF6242644005200F6C9D2 /* Release */ = {
			isa = XCBuildConfiguration;
			buildSettings = {
				ALWAYS_SEARCH_USER_PATHS = NO;
				CLANG_ANALYZER_NONNULL = YES;
				CLANG_ANALYZER_NUMBER_OBJECT_CONVERSION = YES_AGGRESSIVE;
				CLANG_CXX_LANGUAGE_STANDARD = "gnu++14";
				CLANG_CXX_LIBRARY = "libc++";
				CLANG_ENABLE_MODULES = YES;
				CLANG_ENABLE_OBJC_ARC = YES;
				CLANG_ENABLE_OBJC_WEAK = YES;
				CLANG_WARN_BLOCK_CAPTURE_AUTORELEASING = YES;
				CLANG_WARN_BOOL_CONVERSION = YES;
				CLANG_WARN_COMMA = YES;
				CLANG_WARN_CONSTANT_CONVERSION = YES;
				CLANG_WARN_DEPRECATED_OBJC_IMPLEMENTATIONS = YES;
				CLANG_WARN_DIRECT_OBJC_ISA_USAGE = YES_ERROR;
				CLANG_WARN_DOCUMENTATION_COMMENTS = YES;
				CLANG_WARN_EMPTY_BODY = YES;
				CLANG_WARN_ENUM_CONVERSION = YES;
				CLANG_WARN_INFINITE_RECURSION = YES;
				CLANG_WARN_INT_CONVERSION = YES;
				CLANG_WARN_NON_LITERAL_NULL_CONVERSION = YES;
				CLANG_WARN_OBJC_IMPLICIT_RETAIN_SELF = YES;
				CLANG_WARN_OBJC_LITERAL_CONVERSION = YES;
				CLANG_WARN_OBJC_ROOT_CLASS = YES_ERROR;
				CLANG_WARN_QUOTED_INCLUDE_IN_FRAMEWORK_HEADER = YES;
				CLANG_WARN_RANGE_LOOP_ANALYSIS = YES;
				CLANG_WARN_STRICT_PROTOTYPES = YES;
				CLANG_WARN_SUSPICIOUS_MOVE = YES;
				CLANG_WARN_UNGUARDED_AVAILABILITY = YES_AGGRESSIVE;
				CLANG_WARN_UNREACHABLE_CODE = YES;
				CLANG_WARN__DUPLICATE_METHOD_MATCH = YES;
				COPY_PHASE_STRIP = NO;
				DEBUG_INFORMATION_FORMAT = "dwarf-with-dsym";
				ENABLE_NS_ASSERTIONS = NO;
				ENABLE_STRICT_OBJC_MSGSEND = YES;
				GCC_C_LANGUAGE_STANDARD = gnu11;
				GCC_NO_COMMON_BLOCKS = YES;
				GCC_WARN_64_TO_32_BIT_CONVERSION = YES;
				GCC_WARN_ABOUT_RETURN_TYPE = YES_ERROR;
				GCC_WARN_UNDECLARED_SELECTOR = YES;
				GCC_WARN_UNINITIALIZED_AUTOS = YES_AGGRESSIVE;
				GCC_WARN_UNUSED_FUNCTION = YES;
				GCC_WARN_UNUSED_VARIABLE = YES;
				IPHONEOS_DEPLOYMENT_TARGET = 14.5;
				MTL_ENABLE_DEBUG_INFO = NO;
				MTL_FAST_MATH = YES;
				SDKROOT = iphoneos;
				SWIFT_COMPILATION_MODE = wholemodule;
				SWIFT_OPTIMIZATION_LEVEL = "-O";
				VALIDATE_PRODUCT = YES;
			};
			name = Release;
		};
		BF7CF6262644005200F6C9D2 /* Debug */ = {
			isa = XCBuildConfiguration;
			buildSettings = {
				ASSETCATALOG_COMPILER_APPICON_NAME = AppIcon;
				ASSETCATALOG_COMPILER_GLOBAL_ACCENT_COLOR_NAME = AccentColor;
				CODE_SIGN_STYLE = Automatic;
				DEVELOPMENT_TEAM = N492VC6PS9;
				INFOPLIST_FILE = LogoDemo/Info.plist;
				LD_RUNPATH_SEARCH_PATHS = (
					"$(inherited)",
					"@executable_path/Frameworks",
				);
				PRODUCT_BUNDLE_IDENTIFIER = com.dzhiphop.LogoDemo;
				PRODUCT_NAME = "$(TARGET_NAME)";
				SWIFT_VERSION = 5.0;
				TARGETED_DEVICE_FAMILY = "1,2";
			};
			name = Debug;
		};
		BF7CF6272644005200F6C9D2 /* Release */ = {
			isa = XCBuildConfiguration;
			buildSettings = {
				ASSETCATALOG_COMPILER_APPICON_NAME = AppIcon;
				ASSETCATALOG_COMPILER_GLOBAL_ACCENT_COLOR_NAME = AccentColor;
				CODE_SIGN_STYLE = Automatic;
				DEVELOPMENT_TEAM = N492VC6PS9;
				INFOPLIST_FILE = LogoDemo/Info.plist;
				LD_RUNPATH_SEARCH_PATHS = (
					"$(inherited)",
					"@executable_path/Frameworks",
				);
				PRODUCT_BUNDLE_IDENTIFIER = com.dzhiphop.LogoDemo;
				PRODUCT_NAME = "$(TARGET_NAME)";
				SWIFT_VERSION = 5.0;
				TARGETED_DEVICE_FAMILY = "1,2";
			};
			name = Release;
		};
/* End XCBuildConfiguration section */

/* Begin XCConfigurationList section */
		BF7CF60C2644004F00F6C9D2 /* Build configuration list for PBXProject "LogoDemo" */ = {
			isa = XCConfigurationList;
			buildConfigurations = (
				BF7CF6232644005200F6C9D2 /* Debug */,
				BF7CF6242644005200F6C9D2 /* Release */,
			);
			defaultConfigurationIsVisible = 0;
			defaultConfigurationName = Release;
		};
		BF7CF6252644005200F6C9D2 /* Build configuration list for PBXNativeTarget "LogoDemo" */ = {
			isa = XCConfigurationList;
			buildConfigurations = (
				BF7CF6262644005200F6C9D2 /* Debug */,
				BF7CF6272644005200F6C9D2 /* Release */,
			);
			defaultConfigurationIsVisible = 0;
			defaultConfigurationName = Release;
		};
/* End XCConfigurationList section */
	};
	rootObject = BF7CF6092644004F00F6C9D2 /* Project object */;
}
